{
  "name": "Testes",
  "version": "1.0.0",
  "lockfileVersion": 1,
  "requires": true,
  "dependencies": {
    "code-drops-22-rc": {
      "version": "1.0.0",
      "resolved": "https://registry.npmjs.org/code-drops-22-rc/-/code-drops-22-rc-1.0.0.tgz",
      "integrity": "sha512-NNhkQLd+rcMjGUcMcOG2EoI2jBR8+rnKw5itaEKDRZoJw0PfvqjHq1EcNJiIk5mFOyXdYwE/04tGgfyvBstjhw=="
    }
  }
}
